
Microsoft Visual Studio Solution File, Format Version 12.00
# Visual Studio Version 17
VisualStudioVersion = 17.3.32901.215
MinimumVisualStudioVersion = 10.0.40219.1
Project("{FAE04EC0-301F-11D3-BF4B-00C04F79EFBC}") = "EF", "EF\EF.csproj", "{1AF037EA-7A52-416C-B280-59340C0248DB}"
EndProject
Global
	GlobalSection(SolutionConfigurationPlatforms) = preSolution
		Debug|Any CPU = Debug|Any CPU
		Release|Any CPU = Release|Any CPU
	EndGlobalSection
	GlobalSection(ProjectConfigurationPlatforms) = postSolution
		{1AF037EA-7A52-416C-B280-59340C0248DB}.Debug|Any CPU.ActiveCfg = Debug|Any CPU
		{1AF037EA-7A52-416C-B280-59340C0248DB}.Debug|Any CPU.Build.0 = Debug|Any CPU
		{1AF037EA-7A52-416C-B280-59340C0248DB}.Release|Any CPU.ActiveCfg = Release|Any CPU
		{1AF037EA-7A52-416C-B280-59340C0248DB}.Release|Any CPU.Build.0 = Release|Any CPU
	EndGlobalSection
	GlobalSection(SolutionProperties) = preSolution
		HideSolutionNode = FALSE
	EndGlobalSection
	GlobalSection(ExtensibilityGlobals) = postSolution
		SolutionGuid = {E5CF3BC0-BBCD-4294-A726-7DED4E8F00BC}
	EndGlobalSection
EndGlobal
