
Microsoft Visual Studio Solution File, Format Version 12.00
# Visual Studio Version 17
VisualStudioVersion = 17.3.32901.215
MinimumVisualStudioVersion = 10.0.40219.1
Project("{FAE04EC0-301F-11D3-BF4B-00C04F79EFBC}") = "EntityFramework", "EntityFramework\EntityFramework.csproj", "{3C024EFB-CE9E-47B9-BE6F-06E569A55986}"
EndProject
Global
	GlobalSection(SolutionConfigurationPlatforms) = preSolution
		Debug|Any CPU = Debug|Any CPU
		Release|Any CPU = Release|Any CPU
	EndGlobalSection
	GlobalSection(ProjectConfigurationPlatforms) = postSolution
		{3C024EFB-CE9E-47B9-BE6F-06E569A55986}.Debug|Any CPU.ActiveCfg = Debug|Any CPU
		{3C024EFB-CE9E-47B9-BE6F-06E569A55986}.Debug|Any CPU.Build.0 = Debug|Any CPU
		{3C024EFB-CE9E-47B9-BE6F-06E569A55986}.Release|Any CPU.ActiveCfg = Release|Any CPU
		{3C024EFB-CE9E-47B9-BE6F-06E569A55986}.Release|Any CPU.Build.0 = Release|Any CPU
	EndGlobalSection
	GlobalSection(SolutionProperties) = preSolution
		HideSolutionNode = FALSE
	EndGlobalSection
	GlobalSection(ExtensibilityGlobals) = postSolution
		SolutionGuid = {776DF946-ADFF-4CDB-A240-9DB001CE01FB}
	EndGlobalSection
EndGlobal
