
Microsoft Visual Studio Solution File, Format Version 12.00
# Visual Studio Version 17
VisualStudioVersion = 17.3.32901.215
MinimumVisualStudioVersion = 10.0.40219.1
Project("{FAE04EC0-301F-11D3-BF4B-00C04F79EFBC}") = "Notes-Practice", "Notes-Practice\Notes-Practice.csproj", "{51A84399-98FF-4B73-9D73-01D7FDF47C15}"
EndProject
Global
	GlobalSection(SolutionConfigurationPlatforms) = preSolution
		Debug|Any CPU = Debug|Any CPU
		Release|Any CPU = Release|Any CPU
	EndGlobalSection
	GlobalSection(ProjectConfigurationPlatforms) = postSolution
		{51A84399-98FF-4B73-9D73-01D7FDF47C15}.Debug|Any CPU.ActiveCfg = Debug|Any CPU
		{51A84399-98FF-4B73-9D73-01D7FDF47C15}.Debug|Any CPU.Build.0 = Debug|Any CPU
		{51A84399-98FF-4B73-9D73-01D7FDF47C15}.Release|Any CPU.ActiveCfg = Release|Any CPU
		{51A84399-98FF-4B73-9D73-01D7FDF47C15}.Release|Any CPU.Build.0 = Release|Any CPU
	EndGlobalSection
	GlobalSection(SolutionProperties) = preSolution
		HideSolutionNode = FALSE
	EndGlobalSection
	GlobalSection(ExtensibilityGlobals) = postSolution
		SolutionGuid = {0413B8A5-5EAB-498B-B668-43EDF8A2A647}
	EndGlobalSection
EndGlobal
