
Microsoft Visual Studio Solution File, Format Version 12.00
# Visual Studio Version 17
VisualStudioVersion = 17.3.32901.215
MinimumVisualStudioVersion = 10.0.40219.1
Project("{FAE04EC0-301F-11D3-BF4B-00C04F79EFBC}") = "Practice1", "Practice1\Practice1.csproj", "{48EC4F06-3BB3-4AAF-9283-E1D763146770}"
EndProject
Global
	GlobalSection(SolutionConfigurationPlatforms) = preSolution
		Debug|Any CPU = Debug|Any CPU
		Release|Any CPU = Release|Any CPU
	EndGlobalSection
	GlobalSection(ProjectConfigurationPlatforms) = postSolution
		{48EC4F06-3BB3-4AAF-9283-E1D763146770}.Debug|Any CPU.ActiveCfg = Debug|Any CPU
		{48EC4F06-3BB3-4AAF-9283-E1D763146770}.Debug|Any CPU.Build.0 = Debug|Any CPU
		{48EC4F06-3BB3-4AAF-9283-E1D763146770}.Release|Any CPU.ActiveCfg = Release|Any CPU
		{48EC4F06-3BB3-4AAF-9283-E1D763146770}.Release|Any CPU.Build.0 = Release|Any CPU
	EndGlobalSection
	GlobalSection(SolutionProperties) = preSolution
		HideSolutionNode = FALSE
	EndGlobalSection
	GlobalSection(ExtensibilityGlobals) = postSolution
		SolutionGuid = {D0E9F9EB-0506-4300-9DFA-F2A43B9776FB}
	EndGlobalSection
EndGlobal
