
Microsoft Visual Studio Solution File, Format Version 12.00
# Visual Studio Version 17
VisualStudioVersion = 17.3.32901.215
MinimumVisualStudioVersion = 10.0.40219.1
Project("{FAE04EC0-301F-11D3-BF4B-00C04F79EFBC}") = "CV", "CV\CV.csproj", "{4AADA6C9-1772-4FE7-8877-1F87C8EA2F45}"
EndProject
Global
	GlobalSection(SolutionConfigurationPlatforms) = preSolution
		Debug|Any CPU = Debug|Any CPU
		Release|Any CPU = Release|Any CPU
	EndGlobalSection
	GlobalSection(ProjectConfigurationPlatforms) = postSolution
		{4AADA6C9-1772-4FE7-8877-1F87C8EA2F45}.Debug|Any CPU.ActiveCfg = Debug|Any CPU
		{4AADA6C9-1772-4FE7-8877-1F87C8EA2F45}.Debug|Any CPU.Build.0 = Debug|Any CPU
		{4AADA6C9-1772-4FE7-8877-1F87C8EA2F45}.Release|Any CPU.ActiveCfg = Release|Any CPU
		{4AADA6C9-1772-4FE7-8877-1F87C8EA2F45}.Release|Any CPU.Build.0 = Release|Any CPU
	EndGlobalSection
	GlobalSection(SolutionProperties) = preSolution
		HideSolutionNode = FALSE
	EndGlobalSection
	GlobalSection(ExtensibilityGlobals) = postSolution
		SolutionGuid = {BD914E66-4FCC-4477-A333-4C04D0D26AC5}
	EndGlobalSection
EndGlobal
